
Microsoft Visual Studio Solution File, Format Version 12.00
# Visual Studio Version 16
VisualStudioVersion = 16.0.31515.178
MinimumVisualStudioVersion = 10.0.40219.1
Project("{9A19103F-16F7-4668-BE54-9A1E7A4F7556}") = "ReviewNow", "ReviewNow\ReviewNow.csproj", "{BA52DCFF-4BCE-4482-A605-511521D6CC34}"
EndProject
Project("{9A19103F-16F7-4668-BE54-9A1E7A4F7556}") = "Domain", "..\..\project\PROJECT\Project\Domain\Domain.csproj", "{40D56603-22B1-449F-8D40-AC24AFB828F4}"
EndProject
Project("{9A19103F-16F7-4668-BE54-9A1E7A4F7556}") = "Infrastructure", "..\..\project\PROJECT\Project\Infrastructure\Infrastructure.csproj", "{A0F37A4C-AB45-4C58-A054-78676488BB13}"
EndProject
Project("{9A19103F-16F7-4668-BE54-9A1E7A4F7556}") = "Application", "..\..\project\PROJECT\Project\Application\Application.csproj", "{7AF306D5-98E6-46EE-960C-1312F4E361E2}"
EndProject
Global
	GlobalSection(SolutionConfigurationPlatforms) = preSolution
		Debug|Any CPU = Debug|Any CPU
		Release|Any CPU = Release|Any CPU
	EndGlobalSection
	GlobalSection(ProjectConfigurationPlatforms) = postSolution
		{BA52DCFF-4BCE-4482-A605-511521D6CC34}.Debug|Any CPU.ActiveCfg = Debug|Any CPU
		{BA52DCFF-4BCE-4482-A605-511521D6CC34}.Debug|Any CPU.Build.0 = Debug|Any CPU
		{BA52DCFF-4BCE-4482-A605-511521D6CC34}.Release|Any CPU.ActiveCfg = Release|Any CPU
		{BA52DCFF-4BCE-4482-A605-511521D6CC34}.Release|Any CPU.Build.0 = Release|Any CPU
		{40D56603-22B1-449F-8D40-AC24AFB828F4}.Debug|Any CPU.ActiveCfg = Debug|Any CPU
		{40D56603-22B1-449F-8D40-AC24AFB828F4}.Debug|Any CPU.Build.0 = Debug|Any CPU
		{40D56603-22B1-449F-8D40-AC24AFB828F4}.Release|Any CPU.ActiveCfg = Release|Any CPU
		{40D56603-22B1-449F-8D40-AC24AFB828F4}.Release|Any CPU.Build.0 = Release|Any CPU
		{A0F37A4C-AB45-4C58-A054-78676488BB13}.Debug|Any CPU.ActiveCfg = Debug|Any CPU
		{A0F37A4C-AB45-4C58-A054-78676488BB13}.Debug|Any CPU.Build.0 = Debug|Any CPU
		{A0F37A4C-AB45-4C58-A054-78676488BB13}.Release|Any CPU.ActiveCfg = Release|Any CPU
		{A0F37A4C-AB45-4C58-A054-78676488BB13}.Release|Any CPU.Build.0 = Release|Any CPU
		{7AF306D5-98E6-46EE-960C-1312F4E361E2}.Debug|Any CPU.ActiveCfg = Debug|Any CPU
		{7AF306D5-98E6-46EE-960C-1312F4E361E2}.Debug|Any CPU.Build.0 = Debug|Any CPU
		{7AF306D5-98E6-46EE-960C-1312F4E361E2}.Release|Any CPU.ActiveCfg = Release|Any CPU
		{7AF306D5-98E6-46EE-960C-1312F4E361E2}.Release|Any CPU.Build.0 = Release|Any CPU
	EndGlobalSection
	GlobalSection(SolutionProperties) = preSolution
		HideSolutionNode = FALSE
	EndGlobalSection
	GlobalSection(ExtensibilityGlobals) = postSolution
		SolutionGuid = {D356CFEE-862E-4E0B-9F77-8EB464228FF9}
	EndGlobalSection
EndGlobal
